
Microsoft Visual Studio Solution File, Format Version 12.00
# Visual Studio 15
VisualStudioVersion = 15.0.27130.2010
MinimumVisualStudioVersion = 10.0.40219.1
Project("{FAE04EC0-301F-11D3-BF4B-00C04F79EFBC}") = "AutoBase", "AutoBase\AutoBase.csproj", "{680D5F5B-A315-4BB2-B49F-10B7EFC86C44}"
EndProject
Global
	GlobalSection(SolutionConfigurationPlatforms) = preSolution
		Debug|Any CPU = Debug|Any CPU
		Release|Any CPU = Release|Any CPU
	EndGlobalSection
	GlobalSection(ProjectConfigurationPlatforms) = postSolution
		{680D5F5B-A315-4BB2-B49F-10B7EFC86C44}.Debug|Any CPU.ActiveCfg = Debug|Any CPU
		{680D5F5B-A315-4BB2-B49F-10B7EFC86C44}.Debug|Any CPU.Build.0 = Debug|Any CPU
		{680D5F5B-A315-4BB2-B49F-10B7EFC86C44}.Release|Any CPU.ActiveCfg = Release|Any CPU
		{680D5F5B-A315-4BB2-B49F-10B7EFC86C44}.Release|Any CPU.Build.0 = Release|Any CPU
	EndGlobalSection
	GlobalSection(SolutionProperties) = preSolution
		HideSolutionNode = FALSE
	EndGlobalSection
	GlobalSection(ExtensibilityGlobals) = postSolution
		SolutionGuid = {BBA60FD6-419B-4CBD-918F-60F3945AC30C}
	EndGlobalSection
EndGlobal
